
Microsoft Visual Studio Solution File, Format Version 12.00
# Visual Studio 14
VisualStudioVersion = 14.0.25420.1
MinimumVisualStudioVersion = 10.0.40219.1
Project("{FAE04EC0-301F-11D3-BF4B-00C04F79EFBC}") = "Modelo de dominio", "Modelo de dominio\Modelo de dominio.csproj", "{101CBFB8-2E24-411A-A60D-70CB7037CCED}"
EndProject
Project("{FAE04EC0-301F-11D3-BF4B-00C04F79EFBC}") = "LogicaNegocio", "LogicaNegocio\LogicaNegocio.csproj", "{FE88B219-BF0E-46B8-A6F1-0B46D733763B}"
EndProject
Project("{FAE04EC0-301F-11D3-BF4B-00C04F79EFBC}") = "Capa de persistencia", "Capa de persistencia\Capa de persistencia.csproj", "{A7EC6468-E2C8-4565-B625-3986B588F44A}"
EndProject
Project("{FAE04EC0-301F-11D3-BF4B-00C04F79EFBC}") = "CapaPresentacion", "CapaPresentacion\CapaPresentacion.csproj", "{356D09BA-9EFD-44D3-9B02-CDFBE76C2683}"
EndProject
Global
	GlobalSection(SolutionConfigurationPlatforms) = preSolution
		Debug|Any CPU = Debug|Any CPU
		Release|Any CPU = Release|Any CPU
	EndGlobalSection
	GlobalSection(ProjectConfigurationPlatforms) = postSolution
		{101CBFB8-2E24-411A-A60D-70CB7037CCED}.Debug|Any CPU.ActiveCfg = Debug|Any CPU
		{101CBFB8-2E24-411A-A60D-70CB7037CCED}.Debug|Any CPU.Build.0 = Debug|Any CPU
		{101CBFB8-2E24-411A-A60D-70CB7037CCED}.Release|Any CPU.ActiveCfg = Release|Any CPU
		{101CBFB8-2E24-411A-A60D-70CB7037CCED}.Release|Any CPU.Build.0 = Release|Any CPU
		{FE88B219-BF0E-46B8-A6F1-0B46D733763B}.Debug|Any CPU.ActiveCfg = Debug|Any CPU
		{FE88B219-BF0E-46B8-A6F1-0B46D733763B}.Debug|Any CPU.Build.0 = Debug|Any CPU
		{FE88B219-BF0E-46B8-A6F1-0B46D733763B}.Release|Any CPU.ActiveCfg = Release|Any CPU
		{FE88B219-BF0E-46B8-A6F1-0B46D733763B}.Release|Any CPU.Build.0 = Release|Any CPU
		{A7EC6468-E2C8-4565-B625-3986B588F44A}.Debug|Any CPU.ActiveCfg = Debug|Any CPU
		{A7EC6468-E2C8-4565-B625-3986B588F44A}.Debug|Any CPU.Build.0 = Debug|Any CPU
		{A7EC6468-E2C8-4565-B625-3986B588F44A}.Release|Any CPU.ActiveCfg = Release|Any CPU
		{A7EC6468-E2C8-4565-B625-3986B588F44A}.Release|Any CPU.Build.0 = Release|Any CPU
		{356D09BA-9EFD-44D3-9B02-CDFBE76C2683}.Debug|Any CPU.ActiveCfg = Debug|Any CPU
		{356D09BA-9EFD-44D3-9B02-CDFBE76C2683}.Debug|Any CPU.Build.0 = Debug|Any CPU
		{356D09BA-9EFD-44D3-9B02-CDFBE76C2683}.Release|Any CPU.ActiveCfg = Release|Any CPU
		{356D09BA-9EFD-44D3-9B02-CDFBE76C2683}.Release|Any CPU.Build.0 = Release|Any CPU
	EndGlobalSection
	GlobalSection(SolutionProperties) = preSolution
		HideSolutionNode = FALSE
	EndGlobalSection
	GlobalSection(ExtensibilityGlobals) = postSolution
		SolutionGuid = {C7BD7883-6FFA-4246-8934-BAD8EFDB067F}
	EndGlobalSection
EndGlobal
